
Microsoft Visual Studio Solution File, Format Version 12.00
# Visual Studio 14
VisualStudioVersion = 14.0.23107.0
MinimumVisualStudioVersion = 10.0.40219.1
Project("{FAE04EC0-301F-11D3-BF4B-00C04F79EFBC}") = "ProjectSpike", "ProjectSpike.csproj", "{B5444A3B-9173-4F4E-AFB0-B569150A7417}"
EndProject
Project("{2150E333-8FDC-42A3-9474-1A3956D46DE8}") = "Solution Items", "Solution Items", "{517E6473-8362-41B5-9396-FD31134D4609}"
	ProjectSection(SolutionItems) = preProject
		VoiceCommands.xml = VoiceCommands.xml
	EndProjectSection
EndProject
Global
	GlobalSection(SolutionConfigurationPlatforms) = preSolution
		Debug|ARM = Debug|ARM
		Debug|x64 = Debug|x64
		Debug|x86 = Debug|x86
		Release|ARM = Release|ARM
		Release|x64 = Release|x64
		Release|x86 = Release|x86
	EndGlobalSection
	GlobalSection(ProjectConfigurationPlatforms) = postSolution
		{B5444A3B-9173-4F4E-AFB0-B569150A7417}.Debug|ARM.ActiveCfg = Debug|ARM
		{B5444A3B-9173-4F4E-AFB0-B569150A7417}.Debug|ARM.Build.0 = Debug|ARM
		{B5444A3B-9173-4F4E-AFB0-B569150A7417}.Debug|ARM.Deploy.0 = Debug|ARM
		{B5444A3B-9173-4F4E-AFB0-B569150A7417}.Debug|x64.ActiveCfg = Debug|x64
		{B5444A3B-9173-4F4E-AFB0-B569150A7417}.Debug|x64.Build.0 = Debug|x64
		{B5444A3B-9173-4F4E-AFB0-B569150A7417}.Debug|x64.Deploy.0 = Debug|x64
		{B5444A3B-9173-4F4E-AFB0-B569150A7417}.Debug|x86.ActiveCfg = Debug|x86
		{B5444A3B-9173-4F4E-AFB0-B569150A7417}.Debug|x86.Build.0 = Debug|x86
		{B5444A3B-9173-4F4E-AFB0-B569150A7417}.Debug|x86.Deploy.0 = Debug|x86
		{B5444A3B-9173-4F4E-AFB0-B569150A7417}.Release|ARM.ActiveCfg = Release|ARM
		{B5444A3B-9173-4F4E-AFB0-B569150A7417}.Release|ARM.Build.0 = Release|ARM
		{B5444A3B-9173-4F4E-AFB0-B569150A7417}.Release|ARM.Deploy.0 = Release|ARM
		{B5444A3B-9173-4F4E-AFB0-B569150A7417}.Release|x64.ActiveCfg = Release|x64
		{B5444A3B-9173-4F4E-AFB0-B569150A7417}.Release|x64.Build.0 = Release|x64
		{B5444A3B-9173-4F4E-AFB0-B569150A7417}.Release|x64.Deploy.0 = Release|x64
		{B5444A3B-9173-4F4E-AFB0-B569150A7417}.Release|x86.ActiveCfg = Release|x86
		{B5444A3B-9173-4F4E-AFB0-B569150A7417}.Release|x86.Build.0 = Release|x86
		{B5444A3B-9173-4F4E-AFB0-B569150A7417}.Release|x86.Deploy.0 = Release|x86
	EndGlobalSection
	GlobalSection(SolutionProperties) = preSolution
		HideSolutionNode = FALSE
	EndGlobalSection
EndGlobal
